
Microsoft Visual Studio Solution File, Format Version 12.00
# Visual Studio Version 17
VisualStudioVersion = 17.8.34330.188
MinimumVisualStudioVersion = 10.0.40219.1
Project("{FAE04EC0-301F-11D3-BF4B-00C04F79EFBC}") = "UserProj", "UserProj\UserProj.csproj", "{C78C3FF1-170D-4889-9F0F-085944AD1B3E}"
EndProject
Global
	GlobalSection(SolutionConfigurationPlatforms) = preSolution
		Debug|Any CPU = Debug|Any CPU
		Release|Any CPU = Release|Any CPU
	EndGlobalSection
	GlobalSection(ProjectConfigurationPlatforms) = postSolution
		{C78C3FF1-170D-4889-9F0F-085944AD1B3E}.Debug|Any CPU.ActiveCfg = Debug|Any CPU
		{C78C3FF1-170D-4889-9F0F-085944AD1B3E}.Debug|Any CPU.Build.0 = Debug|Any CPU
		{C78C3FF1-170D-4889-9F0F-085944AD1B3E}.Release|Any CPU.ActiveCfg = Release|Any CPU
		{C78C3FF1-170D-4889-9F0F-085944AD1B3E}.Release|Any CPU.Build.0 = Release|Any CPU
	EndGlobalSection
	GlobalSection(SolutionProperties) = preSolution
		HideSolutionNode = FALSE
	EndGlobalSection
	GlobalSection(ExtensibilityGlobals) = postSolution
		SolutionGuid = {D8CBF74F-B0FD-4E47-A87E-87660053C427}
	EndGlobalSection
EndGlobal
